
Microsoft Visual Studio Solution File, Format Version 11.00
# Visual Studio 2010
Project("{FAE04EC0-301F-11D3-BF4B-00C04F79EFBC}") = "FTSearch", "FTSearch.csproj", "{D0ED102E-3D09-4C13-AEF9-71456FE4796A}"
EndProject
Global
	GlobalSection(SolutionConfigurationPlatforms) = preSolution
		Debug|Any CPU = Debug|Any CPU
		Release|Any CPU = Release|Any CPU
	EndGlobalSection
	GlobalSection(ProjectConfigurationPlatforms) = postSolution
		{D0ED102E-3D09-4C13-AEF9-71456FE4796A}.Debug|Any CPU.ActiveCfg = Debug|Any CPU
		{D0ED102E-3D09-4C13-AEF9-71456FE4796A}.Debug|Any CPU.Build.0 = Debug|Any CPU
		{D0ED102E-3D09-4C13-AEF9-71456FE4796A}.Release|Any CPU.ActiveCfg = Release|Any CPU
		{D0ED102E-3D09-4C13-AEF9-71456FE4796A}.Release|Any CPU.Build.0 = Release|Any CPU
	EndGlobalSection
	GlobalSection(SolutionProperties) = preSolution
		HideSolutionNode = FALSE
	EndGlobalSection
EndGlobal
